// !$*UTF8*$!
{
	archiveVersion = 1;
	classes = {
	};
	objectVersion = 46;
	objects = {

/* Begin PBXBuildFile section */
		1707ED521A7F54A50037EEDE /* main.m in Sources */ = {isa = PBXBuildFile; fileRef = 1707ED511A7F54A50037EEDE /* main.m */; };
		1707ED551A7F54A50037EEDE /* AppDelegate.m in Sources */ = {isa = PBXBuildFile; fileRef = 1707ED541A7F54A50037EEDE /* AppDelegate.m */; };
		1707ED581A7F54A50037EEDE /* KeyboardHideShow.xcdatamodeld in Sources */ = {isa = PBXBuildFile; fileRef = 1707ED561A7F54A50037EEDE /* KeyboardHideShow.xcdatamodeld */; };
		1707ED5B1A7F54A50037EEDE /* ViewController.m in Sources */ = {isa = PBXBuildFile; fileRef = 1707ED5A1A7F54A50037EEDE /* ViewController.m */; };
		1707ED5E1A7F54A50037EEDE /* Main.storyboard in Resources */ = {isa = PBXBuildFile; fileRef = 1707ED5C1A7F54A50037EEDE /* Main.storyboard */; };
		1707ED601A7F54A50037EEDE /* Images.xcassets in Resources */ = {isa = PBXBuildFile; fileRef = 1707ED5F1A7F54A50037EEDE /* Images.xcassets */; };
		1707ED631A7F54A50037EEDE /* LaunchScreen.xib in Resources */ = {isa = PBXBuildFile; fileRef = 1707ED611A7F54A50037EEDE /* LaunchScreen.xib */; };
		1707ED6F1A7F54A50037EEDE /* KeyboardHideShowTests.m in Sources */ = {isa = PBXBuildFile; fileRef = 1707ED6E1A7F54A50037EEDE /* KeyboardHideShowTests.m */; };
/* End PBXBuildFile section */

/* Begin PBXContainerItemProxy section */
		1707ED691A7F54A50037EEDE /* PBXContainerItemProxy */ = {
			isa = PBXContainerItemProxy;
			containerPortal = 1707ED441A7F54A50037EEDE /* Project object */;
			proxyType = 1;
			remoteGlobalIDString = 1707ED4B1A7F54A50037EEDE;
			remoteInfo = KeyboardHideShow;
		};
/* End PBXContainerItemProxy section */

/* Begin PBXFileReference section */
		1707ED4C1A7F54A50037EEDE /* KeyboardHideShow.app */ = {isa = PBXFileReference; explicitFileType = wrapper.application; includeInIndex = 0; path = KeyboardHideShow.app; sourceTree = BUILT_PRODUCTS_DIR; };
		1707ED501A7F54A50037EEDE /* Info.plist */ = {isa = PBXFileReference; lastKnownFileType = text.plist.xml; path = Info.plist; sourceTree = "<group>"; };
		1707ED511A7F54A50037EEDE /* main.m */ = {isa = PBXFileReference; lastKnownFileType = sourcecode.c.objc; path = main.m; sourceTree = "<group>"; };
		1707ED531A7F54A50037EEDE /* AppDelegate.h */ = {isa = PBXFileReference; lastKnownFileType = sourcecode.c.h; path = AppDelegate.h; sourceTree = "<group>"; };
		1707ED541A7F54A50037EEDE /* AppDelegate.m */ = {isa = PBXFileReference; lastKnownFileType = sourcecode.c.objc; path = AppDelegate.m; sourceTree = "<group>"; };
		1707ED571A7F54A50037EEDE /* KeyboardHideShow.xcdatamodel */ = {isa = PBXFileReference; lastKnownFileType = wrapper.xcdatamodel; path = KeyboardHideShow.xcdatamodel; sourceTree = "<group>"; };
		1707ED591A7F54A50037EEDE /* ViewController.h */ = {isa = PBXFileReference; lastKnownFileType = sourcecode.c.h; path = ViewController.h; sourceTree = "<group>"; };
		1707ED5A1A7F54A50037EEDE /* ViewController.m */ = {isa = PBXFileReference; lastKnownFileType = sourcecode.c.objc; path = ViewController.m; sourceTree = "<group>"; };
		1707ED5D1A7F54A50037EEDE /* Base */ = {isa = PBXFileReference; lastKnownFileType = file.storyboard; name = Base; path = Base.lproj/Main.storyboard; sourceTree = "<group>"; };
		1707ED5F1A7F54A50037EEDE /* Images.xcassets */ = {isa = PBXFileReference; lastKnownFileType = folder.assetcatalog; path = Images.xcassets; sourceTree = "<group>"; };
		1707ED621A7F54A50037EEDE /* Base */ = {isa = PBXFileReference; lastKnownFileType = file.xib; name = Base; path = Base.lproj/LaunchScreen.xib; sourceTree = "<group>"; };
		1707ED681A7F54A50037EEDE /* KeyboardHideShowTests.xctest */ = {isa = PBXFileReference; explicitFileType = wrapper.cfbundle; includeInIndex = 0; path = KeyboardHideShowTests.xctest; sourceTree = BUILT_PRODUCTS_DIR; };
		1707ED6D1A7F54A50037EEDE /* Info.plist */ = {isa = PBXFileReference; lastKnownFileType = text.plist.xml; path = Info.plist; sourceTree = "<group>"; };
		1707ED6E1A7F54A50037EEDE /* KeyboardHideShowTests.m */ = {isa = PBXFileReference; lastKnownFileType = sourcecode.c.objc; path = KeyboardHideShowTests.m; sourceTree = "<group>"; };
/* End PBXFileReference section */

/* Begin PBXFrameworksBuildPhase section */
		1707ED491A7F54A50037EEDE /* Frameworks */ = {
			isa = PBXFrameworksBuildPhase;
			buildActionMask = 2147483647;
			files = (
			);
			runOnlyForDeploymentPostprocessing = 0;
		};
		1707ED651A7F54A50037EEDE /* Frameworks */ = {
			isa = PBXFrameworksBuildPhase;
			buildActionMask = 2147483647;
			files = (
			);
			runOnlyForDeploymentPostprocessing = 0;
		};
/* End PBXFrameworksBuildPhase section */

/* Begin PBXGroup section */
		1707ED431A7F54A50037EEDE = {
			isa = PBXGroup;
			children = (
				1707ED4E1A7F54A50037EEDE /* KeyboardHideShow */,
				1707ED6B1A7F54A50037EEDE /* KeyboardHideShowTests */,
				1707ED4D1A7F54A50037EEDE /* Products */,
			);
			sourceTree = "<group>";
		};
		1707ED4D1A7F54A50037EEDE /* Products */ = {
			isa = PBXGroup;
			children = (
				1707ED4C1A7F54A50037EEDE /* KeyboardHideShow.app */,
				1707ED681A7F54A50037EEDE /* KeyboardHideShowTests.xctest */,
			);
			name = Products;
			sourceTree = "<group>";
		};
		1707ED4E1A7F54A50037EEDE /* KeyboardHideShow */ = {
			isa = PBXGroup;
			children = (
				1707ED531A7F54A50037EEDE /* AppDelegate.h */,
				1707ED541A7F54A50037EEDE /* AppDelegate.m */,
				1707ED591A7F54A50037EEDE /* ViewController.h */,
				1707ED5A1A7F54A50037EEDE /* ViewController.m */,
				1707ED5C1A7F54A50037EEDE /* Main.storyboard */,
				1707ED5F1A7F54A50037EEDE /* Images.xcassets */,
				1707ED611A7F54A50037EEDE /* LaunchScreen.xib */,
				1707ED561A7F54A50037EEDE /* KeyboardHideShow.xcdatamodeld */,
				1707ED4F1A7F54A50037EEDE /* Supporting Files */,
			);
			path = KeyboardHideShow;
			sourceTree = "<group>";
		};
		1707ED4F1A7F54A50037EEDE /* Supporting Files */ = {
			isa = PBXGroup;
			children = (
				1707ED501A7F54A50037EEDE /* Info.plist */,
				1707ED511A7F54A50037EEDE /* main.m */,
			);
			name = "Supporting Files";
			sourceTree = "<group>";
		};
		1707ED6B1A7F54A50037EEDE /* KeyboardHideShowTests */ = {
			isa = PBXGroup;
			children = (
				1707ED6E1A7F54A50037EEDE /* KeyboardHideShowTests.m */,
				1707ED6C1A7F54A50037EEDE /* Supporting Files */,
			);
			path = KeyboardHideShowTests;
			sourceTree = "<group>";
		};
		1707ED6C1A7F54A50037EEDE /* Supporting Files */ = {
			isa = PBXGroup;
			children = (
				1707ED6D1A7F54A50037EEDE /* Info.plist */,
			);
			name = "Supporting Files";
			sourceTree = "<group>";
		};
/* End PBXGroup section */

/* Begin PBXNativeTarget section */
		1707ED4B1A7F54A50037EEDE /* KeyboardHideShow */ = {
			isa = PBXNativeTarget;
			buildConfigurationList = 1707ED721A7F54A50037EEDE /* Build configuration list for PBXNativeTarget "KeyboardHideShow" */;
			buildPhases = (
				1707ED481A7F54A50037EEDE /* Sources */,
				1707ED491A7F54A50037EEDE /* Frameworks */,
				1707ED4A1A7F54A50037EEDE /* Resources */,
			);
			buildRules = (
			);
			dependencies = (
			);
			name = KeyboardHideShow;
			productName = KeyboardHideShow;
			productReference = 1707ED4C1A7F54A50037EEDE /* KeyboardHideShow.app */;
			productType = "com.apple.product-type.application";
		};
		1707ED671A7F54A50037EEDE /* KeyboardHideShowTests */ = {
			isa = PBXNativeTarget;
			buildConfigurationList = 1707ED751A7F54A50037EEDE /* Build configuration list for PBXNativeTarget "KeyboardHideShowTests" */;
			buildPhases = (
				1707ED641A7F54A50037EEDE /* Sources */,
				1707ED651A7F54A50037EEDE /* Frameworks */,
				1707ED661A7F54A50037EEDE /* Resources */,
			);
			buildRules = (
			);
			dependencies = (
				1707ED6A1A7F54A50037EEDE /* PBXTargetDependency */,
			);
			name = KeyboardHideShowTests;
			productName = KeyboardHideShowTests;
			productReference = 1707ED681A7F54A50037EEDE /* KeyboardHideShowTests.xctest */;
			productType = "com.apple.product-type.bundle.unit-test";
		};
/* End PBXNativeTarget section */

/* Begin PBXProject section */
		1707ED441A7F54A50037EEDE /* Project object */ = {
			isa = PBXProject;
			attributes = {
				LastUpgradeCheck = 0610;
				ORGANIZATIONNAME = Icy;
				TargetAttributes = {
					1707ED4B1A7F54A50037EEDE = {
						CreatedOnToolsVersion = 6.1;
					};
					1707ED671A7F54A50037EEDE = {
						CreatedOnToolsVersion = 6.1;
						TestTargetID = 1707ED4B1A7F54A50037EEDE;
					};
				};
			};
			buildConfigurationList = 1707ED471A7F54A50037EEDE /* Build configuration list for PBXProject "KeyboardHideShow" */;
			compatibilityVersion = "Xcode 3.2";
			developmentRegion = English;
			hasScannedForEncodings = 0;
			knownRegions = (
				en,
				Base,
			);
			mainGroup = 1707ED431A7F54A50037EEDE;
			productRefGroup = 1707ED4D1A7F54A50037EEDE /* Products */;
			projectDirPath = "";
			projectRoot = "";
			targets = (
				1707ED4B1A7F54A50037EEDE /* KeyboardHideShow */,
				1707ED671A7F54A50037EEDE /* KeyboardHideShowTests */,
			);
		};
/* End PBXProject section */

/* Begin PBXResourcesBuildPhase section */
		1707ED4A1A7F54A50037EEDE /* Resources */ = {
			isa = PBXResourcesBuildPhase;
			buildActionMask = 2147483647;
			files = (
				1707ED5E1A7F54A50037EEDE /* Main.storyboard in Resources */,
				1707ED631A7F54A50037EEDE /* LaunchScreen.xib in Resources */,
				1707ED601A7F54A50037EEDE /* Images.xcassets in Resources */,
			);
			runOnlyForDeploymentPostprocessing = 0;
		};
		1707ED661A7F54A50037EEDE /* Resources */ = {
			isa = PBXResourcesBuildPhase;
			buildActionMask = 2147483647;
			files = (
			);
			runOnlyForDeploymentPostprocessing = 0;
		};
/* End PBXResourcesBuildPhase section */

/* Begin PBXSourcesBuildPhase section */
		1707ED481A7F54A50037EEDE /* Sources */ = {
			isa = PBXSourcesBuildPhase;
			buildActionMask = 2147483647;
			files = (
				1707ED551A7F54A50037EEDE /* AppDelegate.m in Sources */,
				1707ED581A7F54A50037EEDE /* KeyboardHideShow.xcdatamodeld in Sources */,
				1707ED5B1A7F54A50037EEDE /* ViewController.m in Sources */,
				1707ED521A7F54A50037EEDE /* main.m in Sources */,
			);
			runOnlyForDeploymentPostprocessing = 0;
		};
		1707ED641A7F54A50037EEDE /* Sources */ = {
			isa = PBXSourcesBuildPhase;
			buildActionMask = 2147483647;
			files = (
				1707ED6F1A7F54A50037EEDE /* KeyboardHideShowTests.m in Sources */,
			);
			runOnlyForDeploymentPostprocessing = 0;
		};
/* End PBXSourcesBuildPhase section */

/* Begin PBXTargetDependency section */
		1707ED6A1A7F54A50037EEDE /* PBXTargetDependency */ = {
			isa = PBXTargetDependency;
			target = 1707ED4B1A7F54A50037EEDE /* KeyboardHideShow */;
			targetProxy = 1707ED691A7F54A50037EEDE /* PBXContainerItemProxy */;
		};
/* End PBXTargetDependency section */

/* Begin PBXVariantGroup section */
		1707ED5C1A7F54A50037EEDE /* Main.storyboard */ = {
			isa = PBXVariantGroup;
			children = (
				1707ED5D1A7F54A50037EEDE /* Base */,
			);
			name = Main.storyboard;
			sourceTree = "<group>";
		};
		1707ED611A7F54A50037EEDE /* LaunchScreen.xib */ = {
			isa = PBXVariantGroup;
			children = (
				1707ED621A7F54A50037EEDE /* Base */,
			);
			name = LaunchScreen.xib;
			sourceTree = "<group>";
		};
/* End PBXVariantGroup section */

/* Begin XCBuildConfiguration section */
		1707ED701A7F54A50037EEDE /* Debug */ = {
			isa = XCBuildConfiguration;
			buildSettings = {
				ALWAYS_SEARCH_USER_PATHS = NO;
				CLANG_CXX_LANGUAGE_STANDARD = "gnu++0x";
				CLANG_CXX_LIBRARY = "libc++";
				CLANG_ENABLE_MODULES = YES;
				CLANG_ENABLE_OBJC_ARC = YES;
				CLANG_WARN_BOOL_CONVERSION = YES;
				CLANG_WARN_CONSTANT_CONVERSION = YES;
				CLANG_WARN_DIRECT_OBJC_ISA_USAGE = YES_ERROR;
				CLANG_WARN_EMPTY_BODY = YES;
				CLANG_WARN_ENUM_CONVERSION = YES;
				CLANG_WARN_INT_CONVERSION = YES;
				CLANG_WARN_OBJC_ROOT_CLASS = YES_ERROR;
				CLANG_WARN_UNREACHABLE_CODE = YES;
				CLANG_WARN__DUPLICATE_METHOD_MATCH = YES;
				"CODE_SIGN_IDENTITY[sdk=iphoneos*]" = "iPhone Developer";
				COPY_PHASE_STRIP = NO;
				ENABLE_STRICT_OBJC_MSGSEND = YES;
				GCC_C_LANGUAGE_STANDARD = gnu99;
				GCC_DYNAMIC_NO_PIC = NO;
				GCC_OPTIMIZATION_LEVEL = 0;
				GCC_PREPROCESSOR_DEFINITIONS = (
					"DEBUG=1",
					"$(inherited)",
				);
				GCC_SYMBOLS_PRIVATE_EXTERN = NO;
				GCC_WARN_64_TO_32_BIT_CONVERSION = YES;
				GCC_WARN_ABOUT_RETURN_TYPE = YES_ERROR;
				GCC_WARN_UNDECLARED_SELECTOR = YES;
				GCC_WARN_UNINITIALIZED_AUTOS = YES_AGGRESSIVE;
				GCC_WARN_UNUSED_FUNCTION = YES;
				GCC_WARN_UNUSED_VARIABLE = YES;
				IPHONEOS_DEPLOYMENT_TARGET = 8.1;
				MTL_ENABLE_DEBUG_INFO = YES;
				ONLY_ACTIVE_ARCH = YES;
				SDKROOT = iphoneos;
			};
			name = Debug;
		};
		1707ED711A7F54A50037EEDE /* Release */ = {
			isa = XCBuildConfiguration;
			buildSettings = {
				ALWAYS_SEARCH_USER_PATHS = NO;
				CLANG_CXX_LANGUAGE_STANDARD = "gnu++0x";
				CLANG_CXX_LIBRARY = "libc++";
				CLANG_ENABLE_MODULES = YES;
				CLANG_ENABLE_OBJC_ARC = YES;
				CLANG_WARN_BOOL_CONVERSION = YES;
				CLANG_WARN_CONSTANT_CONVERSION = YES;
				CLANG_WARN_DIRECT_OBJC_ISA_USAGE = YES_ERROR;
				CLANG_WARN_EMPTY_BODY = YES;
				CLANG_WARN_ENUM_CONVERSION = YES;
				CLANG_WARN_INT_CONVERSION = YES;
				CLANG_WARN_OBJC_ROOT_CLASS = YES_ERROR;
				CLANG_WARN_UNREACHABLE_CODE = YES;
				CLANG_WARN__DUPLICATE_METHOD_MATCH = YES;
				"CODE_SIGN_IDENTITY[sdk=iphoneos*]" = "iPhone Developer";
				COPY_PHASE_STRIP = YES;
				ENABLE_NS_ASSERTIONS = NO;
				ENABLE_STRICT_OBJC_MSGSEND = YES;
				GCC_C_LANGUAGE_STANDARD = gnu99;
				GCC_WARN_64_TO_32_BIT_CONVERSION = YES;
				GCC_WARN_ABOUT_RETURN_TYPE = YES_ERROR;
				GCC_WARN_UNDECLARED_SELECTOR = YES;
				GCC_WARN_UNINITIALIZED_AUTOS = YES_AGGRESSIVE;
				GCC_WARN_UNUSED_FUNCTION = YES;
				GCC_WARN_UNUSED_VARIABLE = YES;
				IPHONEOS_DEPLOYMENT_TARGET = 8.1;
				MTL_ENABLE_DEBUG_INFO = NO;
				SDKROOT = iphoneos;
				VALIDATE_PRODUCT = YES;
			};
			name = Release;
		};
		1707ED731A7F54A50037EEDE /* Debug */ = {
			isa = XCBuildConfiguration;
			buildSettings = {
				ASSETCATALOG_COMPILER_APPICON_NAME = AppIcon;
				INFOPLIST_FILE = KeyboardHideShow/Info.plist;
				LD_RUNPATH_SEARCH_PATHS = "$(inherited) @executable_path/Frameworks";
				PRODUCT_NAME = "$(TARGET_NAME)";
			};
			name = Debug;
		};
		1707ED741A7F54A50037EEDE /* Release */ = {
			isa = XCBuildConfiguration;
			buildSettings = {
				ASSETCATALOG_COMPILER_APPICON_NAME = AppIcon;
				INFOPLIST_FILE = KeyboardHideShow/Info.plist;
				LD_RUNPATH_SEARCH_PATHS = "$(inherited) @executable_path/Frameworks";
				PRODUCT_NAME = "$(TARGET_NAME)";
			};
			name = Release;
		};
		1707ED761A7F54A50037EEDE /* Debug */ = {
			isa = XCBuildConfiguration;
			buildSettings = {
				BUNDLE_LOADER = "$(TEST_HOST)";
				FRAMEWORK_SEARCH_PATHS = (
					"$(SDKROOT)/Developer/Library/Frameworks",
					"$(inherited)",
				);
				GCC_PREPROCESSOR_DEFINITIONS = (
					"DEBUG=1",
					"$(inherited)",
				);
				INFOPLIST_FILE = KeyboardHideShowTests/Info.plist;
				LD_RUNPATH_SEARCH_PATHS = "$(inherited) @executable_path/Frameworks @loader_path/Frameworks";
				PRODUCT_NAME = "$(TARGET_NAME)";
				TEST_HOST = "$(BUILT_PRODUCTS_DIR)/KeyboardHideShow.app/KeyboardHideShow";
			};
			name = Debug;
		};
		1707ED771A7F54A50037EEDE /* Release */ = {
			isa = XCBuildConfiguration;
			buildSettings = {
				BUNDLE_LOADER = "$(TEST_HOST)";
				FRAMEWORK_SEARCH_PATHS = (
					"$(SDKROOT)/Developer/Library/Frameworks",
					"$(inherited)",
				);
				INFOPLIST_FILE = KeyboardHideShowTests/Info.plist;
				LD_RUNPATH_SEARCH_PATHS = "$(inherited) @executable_path/Frameworks @loader_path/Frameworks";
				PRODUCT_NAME = "$(TARGET_NAME)";
				TEST_HOST = "$(BUILT_PRODUCTS_DIR)/KeyboardHideShow.app/KeyboardHideShow";
			};
			name = Release;
		};
/* End XCBuildConfiguration section */

/* Begin XCConfigurationList section */
		1707ED471A7F54A50037EEDE /* Build configuration list for PBXProject "KeyboardHideShow" */ = {
			isa = XCConfigurationList;
			buildConfigurations = (
				1707ED701A7F54A50037EEDE /* Debug */,
				1707ED711A7F54A50037EEDE /* Release */,
			);
			defaultConfigurationIsVisible = 0;
			defaultConfigurationName = Release;
		};
		1707ED721A7F54A50037EEDE /* Build configuration list for PBXNativeTarget "KeyboardHideShow" */ = {
			isa = XCConfigurationList;
			buildConfigurations = (
				1707ED731A7F54A50037EEDE /* Debug */,
				1707ED741A7F54A50037EEDE /* Release */,
			);
			defaultConfigurationIsVisible = 0;
		};
		1707ED751A7F54A50037EEDE /* Build configuration list for PBXNativeTarget "KeyboardHideShowTests" */ = {
			isa = XCConfigurationList;
			buildConfigurations = (
				1707ED761A7F54A50037EEDE /* Debug */,
				1707ED771A7F54A50037EEDE /* Release */,
			);
			defaultConfigurationIsVisible = 0;
		};
/* End XCConfigurationList section */

/* Begin XCVersionGroup section */
		1707ED561A7F54A50037EEDE /* KeyboardHideShow.xcdatamodeld */ = {
			isa = XCVersionGroup;
			children = (
				1707ED571A7F54A50037EEDE /* KeyboardHideShow.xcdatamodel */,
			);
			currentVersion = 1707ED571A7F54A50037EEDE /* KeyboardHideShow.xcdatamodel */;
			path = KeyboardHideShow.xcdatamodeld;
			sourceTree = "<group>";
			versionGroupType = wrapper.xcdatamodel;
		};
/* End XCVersionGroup section */
	};
	rootObject = 1707ED441A7F54A50037EEDE /* Project object */;
}
